// !$*UTF8*$!
{
	archiveVersion = 1;
	classes = {
	};
	objectVersion = 50;
	objects = {

/* Begin PBXBuildFile section */
		2228C635254E9B8700272F96 /* Heart.usdz in Resources */ = {isa = PBXBuildFile; fileRef = 2228C634254E9B8700272F96 /* Heart.usdz */; };
		22A5E58D254D1A1000CBB9E0 /* ARhackApp.swift in Sources */ = {isa = PBXBuildFile; fileRef = 22A5E58C254D1A1000CBB9E0 /* ARhackApp.swift */; };
		22A5E58F254D1A1000CBB9E0 /* ContentView.swift in Sources */ = {isa = PBXBuildFile; fileRef = 22A5E58E254D1A1000CBB9E0 /* ContentView.swift */; };
		22A5E591254D1A1200CBB9E0 /* Assets.xcassets in Resources */ = {isa = PBXBuildFile; fileRef = 22A5E590254D1A1200CBB9E0 /* Assets.xcassets */; };
		22A5E594254D1A1200CBB9E0 /* Preview Assets.xcassets in Resources */ = {isa = PBXBuildFile; fileRef = 22A5E593254D1A1200CBB9E0 /* Preview Assets.xcassets */; };
		22A5E59E254D28B000CBB9E0 /* SearchPage.swift in Sources */ = {isa = PBXBuildFile; fileRef = 22A5E59D254D28B000CBB9E0 /* SearchPage.swift */; };
		22A5E5A3254D2A4C00CBB9E0 /* SearchBar.swift in Sources */ = {isa = PBXBuildFile; fileRef = 22A5E5A2254D2A4C00CBB9E0 /* SearchBar.swift */; };
		22A5E5A7254D2CF300CBB9E0 /* LoginPage.swift in Sources */ = {isa = PBXBuildFile; fileRef = 22A5E5A6254D2CF300CBB9E0 /* LoginPage.swift */; };
		22A5E607254D571500CBB9E0 /* SubjectPage.swift in Sources */ = {isa = PBXBuildFile; fileRef = 22A5E606254D571500CBB9E0 /* SubjectPage.swift */; };
		22A5E60C254D57C800CBB9E0 /* Subject.swift in Sources */ = {isa = PBXBuildFile; fileRef = 22A5E60B254D57C800CBB9E0 /* Subject.swift */; };
		22A5E610254D582100CBB9E0 /* Topic.swift in Sources */ = {isa = PBXBuildFile; fileRef = 22A5E60F254D582100CBB9E0 /* Topic.swift */; };
		22A5E613254D59AF00CBB9E0 /* DetailView.swift in Sources */ = {isa = PBXBuildFile; fileRef = 22A5E612254D59AF00CBB9E0 /* DetailView.swift */; };
		22A5E616254D5DC800CBB9E0 /* HomePage.swift in Sources */ = {isa = PBXBuildFile; fileRef = 22A5E615254D5DC800CBB9E0 /* HomePage.swift */; };
		22A5E66A254DAE9600CBB9E0 /* KeyboaedManager.swift in Sources */ = {isa = PBXBuildFile; fileRef = 22A5E669254DAE9600CBB9E0 /* KeyboaedManager.swift */; };
		22A5E66F254DB1AB00CBB9E0 /* Gradients.swift in Sources */ = {isa = PBXBuildFile; fileRef = 22A5E66E254DB1AB00CBB9E0 /* Gradients.swift */; };
		22A5E673254DE98600CBB9E0 /* FavoritePage.swift in Sources */ = {isa = PBXBuildFile; fileRef = 22A5E672254DE98500CBB9E0 /* FavoritePage.swift */; };
		22A9ED14254E7970008441F2 /* 3DModel.swift in Sources */ = {isa = PBXBuildFile; fileRef = 22A9ED13254E7970008441F2 /* 3DModel.swift */; };
/* End PBXBuildFile section */

/* Begin PBXFileReference section */
		2228C634254E9B8700272F96 /* Heart.usdz */ = {isa = PBXFileReference; lastKnownFileType = file.usdz; name = Heart.usdz; path = ../../../../../Downloads/Heart.usdz; sourceTree = "<group>"; };
		22A5E589254D1A1000CBB9E0 /* ARhack.app */ = {isa = PBXFileReference; explicitFileType = wrapper.application; includeInIndex = 0; path = ARhack.app; sourceTree = BUILT_PRODUCTS_DIR; };
		22A5E58C254D1A1000CBB9E0 /* ARhackApp.swift */ = {isa = PBXFileReference; lastKnownFileType = sourcecode.swift; path = ARhackApp.swift; sourceTree = "<group>"; };
		22A5E58E254D1A1000CBB9E0 /* ContentView.swift */ = {isa = PBXFileReference; lastKnownFileType = sourcecode.swift; path = ContentView.swift; sourceTree = "<group>"; };
		22A5E590254D1A1200CBB9E0 /* Assets.xcassets */ = {isa = PBXFileReference; lastKnownFileType = folder.assetcatalog; path = Assets.xcassets; sourceTree = "<group>"; };
		22A5E593254D1A1200CBB9E0 /* Preview Assets.xcassets */ = {isa = PBXFileReference; lastKnownFileType = folder.assetcatalog; path = "Preview Assets.xcassets"; sourceTree = "<group>"; };
		22A5E595254D1A1200CBB9E0 /* Info.plist */ = {isa = PBXFileReference; lastKnownFileType = text.plist.xml; path = Info.plist; sourceTree = "<group>"; };
		22A5E59D254D28B000CBB9E0 /* SearchPage.swift */ = {isa = PBXFileReference; lastKnownFileType = sourcecode.swift; path = SearchPage.swift; sourceTree = "<group>"; };
		22A5E5A2254D2A4C00CBB9E0 /* SearchBar.swift */ = {isa = PBXFileReference; lastKnownFileType = sourcecode.swift; path = SearchBar.swift; sourceTree = "<group>"; };
		22A5E5A6254D2CF300CBB9E0 /* LoginPage.swift */ = {isa = PBXFileReference; lastKnownFileType = sourcecode.swift; path = LoginPage.swift; sourceTree = "<group>"; };
		22A5E606254D571500CBB9E0 /* SubjectPage.swift */ = {isa = PBXFileReference; lastKnownFileType = sourcecode.swift; path = SubjectPage.swift; sourceTree = "<group>"; };
		22A5E60B254D57C800CBB9E0 /* Subject.swift */ = {isa = PBXFileReference; lastKnownFileType = sourcecode.swift; path = Subject.swift; sourceTree = "<group>"; };
		22A5E60F254D582100CBB9E0 /* Topic.swift */ = {isa = PBXFileReference; lastKnownFileType = sourcecode.swift; path = Topic.swift; sourceTree = "<group>"; };
		22A5E612254D59AF00CBB9E0 /* DetailView.swift */ = {isa = PBXFileReference; lastKnownFileType = sourcecode.swift; path = DetailView.swift; sourceTree = "<group>"; };
		22A5E615254D5DC800CBB9E0 /* HomePage.swift */ = {isa = PBXFileReference; lastKnownFileType = sourcecode.swift; path = HomePage.swift; sourceTree = "<group>"; };
		22A5E669254DAE9600CBB9E0 /* KeyboaedManager.swift */ = {isa = PBXFileReference; lastKnownFileType = sourcecode.swift; path = KeyboaedManager.swift; sourceTree = "<group>"; };
		22A5E66E254DB1AB00CBB9E0 /* Gradients.swift */ = {isa = PBXFileReference; lastKnownFileType = sourcecode.swift; path = Gradients.swift; sourceTree = "<group>"; };
		22A5E672254DE98500CBB9E0 /* FavoritePage.swift */ = {isa = PBXFileReference; lastKnownFileType = sourcecode.swift; path = FavoritePage.swift; sourceTree = "<group>"; };
		22A9ED13254E7970008441F2 /* 3DModel.swift */ = {isa = PBXFileReference; lastKnownFileType = sourcecode.swift; path = 3DModel.swift; sourceTree = "<group>"; };
/* End PBXFileReference section */

/* Begin PBXFrameworksBuildPhase section */
		22A5E586254D1A1000CBB9E0 /* Frameworks */ = {
			isa = PBXFrameworksBuildPhase;
			buildActionMask = 2147483647;
			files = (
			);
			runOnlyForDeploymentPostprocessing = 0;
		};
/* End PBXFrameworksBuildPhase section */

/* Begin PBXGroup section */
		22A5E580254D1A0F00CBB9E0 = {
			isa = PBXGroup;
			children = (
				22A5E58B254D1A1000CBB9E0 /* ARhack */,
				22A5E58A254D1A1000CBB9E0 /* Products */,
			);
			sourceTree = "<group>";
		};
		22A5E58A254D1A1000CBB9E0 /* Products */ = {
			isa = PBXGroup;
			children = (
				22A5E589254D1A1000CBB9E0 /* ARhack.app */,
			);
			name = Products;
			sourceTree = "<group>";
		};
		22A5E58B254D1A1000CBB9E0 /* ARhack */ = {
			isa = PBXGroup;
			children = (
				22A9ED12254E791D008441F2 /* 3DModel */,
				22A5E66D254DB18C00CBB9E0 /* Gradients */,
				22A5E668254DAE8800CBB9E0 /* Keyboard */,
				22A5E618254D610500CBB9E0 /* Router */,
				22A5E60A254D57B900CBB9E0 /* Subject */,
				22A5E5A1254D2A3E00CBB9E0 /* Components */,
				22A5E59C254D288E00CBB9E0 /* Pages */,
				22A5E58C254D1A1000CBB9E0 /* ARhackApp.swift */,
				22A5E58E254D1A1000CBB9E0 /* ContentView.swift */,
				22A5E590254D1A1200CBB9E0 /* Assets.xcassets */,
				22A5E595254D1A1200CBB9E0 /* Info.plist */,
				22A5E592254D1A1200CBB9E0 /* Preview Content */,
			);
			path = ARhack;
			sourceTree = "<group>";
		};
		22A5E592254D1A1200CBB9E0 /* Preview Content */ = {
			isa = PBXGroup;
			children = (
				22A5E593254D1A1200CBB9E0 /* Preview Assets.xcassets */,
			);
			path = "Preview Content";
			sourceTree = "<group>";
		};
		22A5E59C254D288E00CBB9E0 /* Pages */ = {
			isa = PBXGroup;
			children = (
				22A5E59D254D28B000CBB9E0 /* SearchPage.swift */,
				22A5E5A6254D2CF300CBB9E0 /* LoginPage.swift */,
				22A5E606254D571500CBB9E0 /* SubjectPage.swift */,
				22A5E615254D5DC800CBB9E0 /* HomePage.swift */,
				22A5E672254DE98500CBB9E0 /* FavoritePage.swift */,
			);
			path = Pages;
			sourceTree = "<group>";
		};
		22A5E5A1254D2A3E00CBB9E0 /* Components */ = {
			isa = PBXGroup;
			children = (
				22A5E5A2254D2A4C00CBB9E0 /* SearchBar.swift */,
				22A5E612254D59AF00CBB9E0 /* DetailView.swift */,
			);
			path = Components;
			sourceTree = "<group>";
		};
		22A5E60A254D57B900CBB9E0 /* Subject */ = {
			isa = PBXGroup;
			children = (
				22A5E60B254D57C800CBB9E0 /* Subject.swift */,
				22A5E60F254D582100CBB9E0 /* Topic.swift */,
			);
			path = Subject;
			sourceTree = "<group>";
		};
		22A5E618254D610500CBB9E0 /* Router */ = {
			isa = PBXGroup;
			children = (
			);
			path = Router;
			sourceTree = "<group>";
		};
		22A5E668254DAE8800CBB9E0 /* Keyboard */ = {
			isa = PBXGroup;
			children = (
				22A5E669254DAE9600CBB9E0 /* KeyboaedManager.swift */,
			);
			path = Keyboard;
			sourceTree = "<group>";
		};
		22A5E66D254DB18C00CBB9E0 /* Gradients */ = {
			isa = PBXGroup;
			children = (
				22A5E66E254DB1AB00CBB9E0 /* Gradients.swift */,
			);
			path = Gradients;
			sourceTree = "<group>";
		};
		22A9ED12254E791D008441F2 /* 3DModel */ = {
			isa = PBXGroup;
			children = (
				2228C634254E9B8700272F96 /* Heart.usdz */,
				22A9ED13254E7970008441F2 /* 3DModel.swift */,
			);
			path = 3DModel;
			sourceTree = "<group>";
		};
/* End PBXGroup section */

/* Begin PBXNativeTarget section */
		22A5E588254D1A1000CBB9E0 /* ARhack */ = {
			isa = PBXNativeTarget;
			buildConfigurationList = 22A5E598254D1A1200CBB9E0 /* Build configuration list for PBXNativeTarget "ARhack" */;
			buildPhases = (
				22A5E585254D1A1000CBB9E0 /* Sources */,
				22A5E586254D1A1000CBB9E0 /* Frameworks */,
				22A5E587254D1A1000CBB9E0 /* Resources */,
			);
			buildRules = (
			);
			dependencies = (
			);
			name = ARhack;
			productName = ARhack;
			productReference = 22A5E589254D1A1000CBB9E0 /* ARhack.app */;
			productType = "com.apple.product-type.application";
		};
/* End PBXNativeTarget section */

/* Begin PBXProject section */
		22A5E581254D1A1000CBB9E0 /* Project object */ = {
			isa = PBXProject;
			attributes = {
				LastSwiftUpdateCheck = 1200;
				LastUpgradeCheck = 1200;
				TargetAttributes = {
					22A5E588254D1A1000CBB9E0 = {
						CreatedOnToolsVersion = 12.0;
					};
				};
			};
			buildConfigurationList = 22A5E584254D1A1000CBB9E0 /* Build configuration list for PBXProject "ARhack" */;
			compatibilityVersion = "Xcode 9.3";
			developmentRegion = en;
			hasScannedForEncodings = 0;
			knownRegions = (
				en,
				Base,
			);
			mainGroup = 22A5E580254D1A0F00CBB9E0;
			productRefGroup = 22A5E58A254D1A1000CBB9E0 /* Products */;
			projectDirPath = "";
			projectRoot = "";
			targets = (
				22A5E588254D1A1000CBB9E0 /* ARhack */,
			);
		};
/* End PBXProject section */

/* Begin PBXResourcesBuildPhase section */
		22A5E587254D1A1000CBB9E0 /* Resources */ = {
			isa = PBXResourcesBuildPhase;
			buildActionMask = 2147483647;
			files = (
				22A5E594254D1A1200CBB9E0 /* Preview Assets.xcassets in Resources */,
				22A5E591254D1A1200CBB9E0 /* Assets.xcassets in Resources */,
				2228C635254E9B8700272F96 /* Heart.usdz in Resources */,
			);
			runOnlyForDeploymentPostprocessing = 0;
		};
/* End PBXResourcesBuildPhase section */

/* Begin PBXSourcesBuildPhase section */
		22A5E585254D1A1000CBB9E0 /* Sources */ = {
			isa = PBXSourcesBuildPhase;
			buildActionMask = 2147483647;
			files = (
				22A5E58F254D1A1000CBB9E0 /* ContentView.swift in Sources */,
				22A5E613254D59AF00CBB9E0 /* DetailView.swift in Sources */,
				22A5E5A3254D2A4C00CBB9E0 /* SearchBar.swift in Sources */,
				22A5E60C254D57C800CBB9E0 /* Subject.swift in Sources */,
				22A5E58D254D1A1000CBB9E0 /* ARhackApp.swift in Sources */,
				22A5E616254D5DC800CBB9E0 /* HomePage.swift in Sources */,
				22A9ED14254E7970008441F2 /* 3DModel.swift in Sources */,
				22A5E607254D571500CBB9E0 /* SubjectPage.swift in Sources */,
				22A5E610254D582100CBB9E0 /* Topic.swift in Sources */,
				22A5E5A7254D2CF300CBB9E0 /* LoginPage.swift in Sources */,
				22A5E66A254DAE9600CBB9E0 /* KeyboaedManager.swift in Sources */,
				22A5E673254DE98600CBB9E0 /* FavoritePage.swift in Sources */,
				22A5E59E254D28B000CBB9E0 /* SearchPage.swift in Sources */,
				22A5E66F254DB1AB00CBB9E0 /* Gradients.swift in Sources */,
			);
			runOnlyForDeploymentPostprocessing = 0;
		};
/* End PBXSourcesBuildPhase section */

/* Begin XCBuildConfiguration section */
		22A5E596254D1A1200CBB9E0 /* Debug */ = {
			isa = XCBuildConfiguration;
			buildSettings = {
				ALWAYS_SEARCH_USER_PATHS = NO;
				CLANG_ANALYZER_NONNULL = YES;
				CLANG_ANALYZER_NUMBER_OBJECT_CONVERSION = YES_AGGRESSIVE;
				CLANG_CXX_LANGUAGE_STANDARD = "gnu++14";
				CLANG_CXX_LIBRARY = "libc++";
				CLANG_ENABLE_MODULES = YES;
				CLANG_ENABLE_OBJC_ARC = YES;
				CLANG_ENABLE_OBJC_WEAK = YES;
				CLANG_WARN_BLOCK_CAPTURE_AUTORELEASING = YES;
				CLANG_WARN_BOOL_CONVERSION = YES;
				CLANG_WARN_COMMA = YES;
				CLANG_WARN_CONSTANT_CONVERSION = YES;
				CLANG_WARN_DEPRECATED_OBJC_IMPLEMENTATIONS = YES;
				CLANG_WARN_DIRECT_OBJC_ISA_USAGE = YES_ERROR;
				CLANG_WARN_DOCUMENTATION_COMMENTS = YES;
				CLANG_WARN_EMPTY_BODY = YES;
				CLANG_WARN_ENUM_CONVERSION = YES;
				CLANG_WARN_INFINITE_RECURSION = YES;
				CLANG_WARN_INT_CONVERSION = YES;
				CLANG_WARN_NON_LITERAL_NULL_CONVERSION = YES;
				CLANG_WARN_OBJC_IMPLICIT_RETAIN_SELF = YES;
				CLANG_WARN_OBJC_LITERAL_CONVERSION = YES;
				CLANG_WARN_OBJC_ROOT_CLASS = YES_ERROR;
				CLANG_WARN_QUOTED_INCLUDE_IN_FRAMEWORK_HEADER = YES;
				CLANG_WARN_RANGE_LOOP_ANALYSIS = YES;
				CLANG_WARN_STRICT_PROTOTYPES = YES;
				CLANG_WARN_SUSPICIOUS_MOVE = YES;
				CLANG_WARN_UNGUARDED_AVAILABILITY = YES_AGGRESSIVE;
				CLANG_WARN_UNREACHABLE_CODE = YES;
				CLANG_WARN__DUPLICATE_METHOD_MATCH = YES;
				COPY_PHASE_STRIP = NO;
				DEBUG_INFORMATION_FORMAT = dwarf;
				ENABLE_STRICT_OBJC_MSGSEND = YES;
				ENABLE_TESTABILITY = YES;
				GCC_C_LANGUAGE_STANDARD = gnu11;
				GCC_DYNAMIC_NO_PIC = NO;
				GCC_NO_COMMON_BLOCKS = YES;
				GCC_OPTIMIZATION_LEVEL = 0;
				GCC_PREPROCESSOR_DEFINITIONS = (
					"DEBUG=1",
					"$(inherited)",
				);
				GCC_WARN_64_TO_32_BIT_CONVERSION = YES;
				GCC_WARN_ABOUT_RETURN_TYPE = YES_ERROR;
				GCC_WARN_UNDECLARED_SELECTOR = YES;
				GCC_WARN_UNINITIALIZED_AUTOS = YES_AGGRESSIVE;
				GCC_WARN_UNUSED_FUNCTION = YES;
				GCC_WARN_UNUSED_VARIABLE = YES;
				IPHONEOS_DEPLOYMENT_TARGET = 14.0;
				MTL_ENABLE_DEBUG_INFO = INCLUDE_SOURCE;
				MTL_FAST_MATH = YES;
				ONLY_ACTIVE_ARCH = YES;
				SDKROOT = iphoneos;
				SWIFT_ACTIVE_COMPILATION_CONDITIONS = DEBUG;
				SWIFT_OPTIMIZATION_LEVEL = "-Onone";
			};
			name = Debug;
		};
		22A5E597254D1A1200CBB9E0 /* Release */ = {
			isa = XCBuildConfiguration;
			buildSettings = {
				ALWAYS_SEARCH_USER_PATHS = NO;
				CLANG_ANALYZER_NONNULL = YES;
				CLANG_ANALYZER_NUMBER_OBJECT_CONVERSION = YES_AGGRESSIVE;
				CLANG_CXX_LANGUAGE_STANDARD = "gnu++14";
				CLANG_CXX_LIBRARY = "libc++";
				CLANG_ENABLE_MODULES = YES;
				CLANG_ENABLE_OBJC_ARC = YES;
				CLANG_ENABLE_OBJC_WEAK = YES;
				CLANG_WARN_BLOCK_CAPTURE_AUTORELEASING = YES;
				CLANG_WARN_BOOL_CONVERSION = YES;
				CLANG_WARN_COMMA = YES;
				CLANG_WARN_CONSTANT_CONVERSION = YES;
				CLANG_WARN_DEPRECATED_OBJC_IMPLEMENTATIONS = YES;
				CLANG_WARN_DIRECT_OBJC_ISA_USAGE = YES_ERROR;
				CLANG_WARN_DOCUMENTATION_COMMENTS = YES;
				CLANG_WARN_EMPTY_BODY = YES;
				CLANG_WARN_ENUM_CONVERSION = YES;
				CLANG_WARN_INFINITE_RECURSION = YES;
				CLANG_WARN_INT_CONVERSION = YES;
				CLANG_WARN_NON_LITERAL_NULL_CONVERSION = YES;
				CLANG_WARN_OBJC_IMPLICIT_RETAIN_SELF = YES;
				CLANG_WARN_OBJC_LITERAL_CONVERSION = YES;
				CLANG_WARN_OBJC_ROOT_CLASS = YES_ERROR;
				CLANG_WARN_QUOTED_INCLUDE_IN_FRAMEWORK_HEADER = YES;
				CLANG_WARN_RANGE_LOOP_ANALYSIS = YES;
				CLANG_WARN_STRICT_PROTOTYPES = YES;
				CLANG_WARN_SUSPICIOUS_MOVE = YES;
				CLANG_WARN_UNGUARDED_AVAILABILITY = YES_AGGRESSIVE;
				CLANG_WARN_UNREACHABLE_CODE = YES;
				CLANG_WARN__DUPLICATE_METHOD_MATCH = YES;
				COPY_PHASE_STRIP = NO;
				DEBUG_INFORMATION_FORMAT = "dwarf-with-dsym";
				ENABLE_NS_ASSERTIONS = NO;
				ENABLE_STRICT_OBJC_MSGSEND = YES;
				GCC_C_LANGUAGE_STANDARD = gnu11;
				GCC_NO_COMMON_BLOCKS = YES;
				GCC_WARN_64_TO_32_BIT_CONVERSION = YES;
				GCC_WARN_ABOUT_RETURN_TYPE = YES_ERROR;
				GCC_WARN_UNDECLARED_SELECTOR = YES;
				GCC_WARN_UNINITIALIZED_AUTOS = YES_AGGRESSIVE;
				GCC_WARN_UNUSED_FUNCTION = YES;
				GCC_WARN_UNUSED_VARIABLE = YES;
				IPHONEOS_DEPLOYMENT_TARGET = 14.0;
				MTL_ENABLE_DEBUG_INFO = NO;
				MTL_FAST_MATH = YES;
				SDKROOT = iphoneos;
				SWIFT_COMPILATION_MODE = wholemodule;
				SWIFT_OPTIMIZATION_LEVEL = "-O";
				VALIDATE_PRODUCT = YES;
			};
			name = Release;
		};
		22A5E599254D1A1200CBB9E0 /* Debug */ = {
			isa = XCBuildConfiguration;
			buildSettings = {
				ASSETCATALOG_COMPILER_APPICON_NAME = AppIcon;
				ASSETCATALOG_COMPILER_GLOBAL_ACCENT_COLOR_NAME = AccentColor;
				CODE_SIGN_STYLE = Automatic;
				DEVELOPMENT_ASSET_PATHS = "\"ARhack/Preview Content\"";
				DEVELOPMENT_TEAM = FY37H2WPD9;
				ENABLE_PREVIEWS = YES;
				INFOPLIST_FILE = ARhack/Info.plist;
				IPHONEOS_DEPLOYMENT_TARGET = 14.0;
				LD_RUNPATH_SEARCH_PATHS = (
					"$(inherited)",
					"@executable_path/Frameworks",
				);
				PRODUCT_BUNDLE_IDENTIFIER = com.alongkot.ARhack;
				PRODUCT_NAME = "$(TARGET_NAME)";
				SWIFT_VERSION = 5.0;
				TARGETED_DEVICE_FAMILY = "1,2";
			};
			name = Debug;
		};
		22A5E59A254D1A1200CBB9E0 /* Release */ = {
			isa = XCBuildConfiguration;
			buildSettings = {
				ASSETCATALOG_COMPILER_APPICON_NAME = AppIcon;
				ASSETCATALOG_COMPILER_GLOBAL_ACCENT_COLOR_NAME = AccentColor;
				CODE_SIGN_STYLE = Automatic;
				DEVELOPMENT_ASSET_PATHS = "\"ARhack/Preview Content\"";
				DEVELOPMENT_TEAM = FY37H2WPD9;
				ENABLE_PREVIEWS = YES;
				INFOPLIST_FILE = ARhack/Info.plist;
				IPHONEOS_DEPLOYMENT_TARGET = 14.0;
				LD_RUNPATH_SEARCH_PATHS = (
					"$(inherited)",
					"@executable_path/Frameworks",
				);
				PRODUCT_BUNDLE_IDENTIFIER = com.alongkot.ARhack;
				PRODUCT_NAME = "$(TARGET_NAME)";
				SWIFT_VERSION = 5.0;
				TARGETED_DEVICE_FAMILY = "1,2";
			};
			name = Release;
		};
/* End XCBuildConfiguration section */

/* Begin XCConfigurationList section */
		22A5E584254D1A1000CBB9E0 /* Build configuration list for PBXProject "ARhack" */ = {
			isa = XCConfigurationList;
			buildConfigurations = (
				22A5E596254D1A1200CBB9E0 /* Debug */,
				22A5E597254D1A1200CBB9E0 /* Release */,
			);
			defaultConfigurationIsVisible = 0;
			defaultConfigurationName = Release;
		};
		22A5E598254D1A1200CBB9E0 /* Build configuration list for PBXNativeTarget "ARhack" */ = {
			isa = XCConfigurationList;
			buildConfigurations = (
				22A5E599254D1A1200CBB9E0 /* Debug */,
				22A5E59A254D1A1200CBB9E0 /* Release */,
			);
			defaultConfigurationIsVisible = 0;
			defaultConfigurationName = Release;
		};
/* End XCConfigurationList section */
	};
	rootObject = 22A5E581254D1A1000CBB9E0 /* Project object */;
}
